
Microsoft Visual Studio Solution File, Format Version 12.00
# Visual Studio 15
VisualStudioVersion = 15.0.27703.2042
MinimumVisualStudioVersion = 10.0.40219.1
Project("{8BC9CEB8-8B4A-11D0-8D11-00A0C91BC942}") = "Project1", "Project1.vcxproj", "{31748344-240E-4603-8D91-F39AA136F9CF}"
EndProject
Global
	GlobalSection(SolutionConfigurationPlatforms) = preSolution
		Debug|x64 = Debug|x64
		Debug|x86 = Debug|x86
		Release|x64 = Release|x64
		Release|x86 = Release|x86
	EndGlobalSection
	GlobalSection(ProjectConfigurationPlatforms) = postSolution
		{31748344-240E-4603-8D91-F39AA136F9CF}.Debug|x64.ActiveCfg = Debug|x64
		{31748344-240E-4603-8D91-F39AA136F9CF}.Debug|x64.Build.0 = Debug|x64
		{31748344-240E-4603-8D91-F39AA136F9CF}.Debug|x86.ActiveCfg = Debug|Win32
		{31748344-240E-4603-8D91-F39AA136F9CF}.Debug|x86.Build.0 = Debug|Win32
		{31748344-240E-4603-8D91-F39AA136F9CF}.Release|x64.ActiveCfg = Release|x64
		{31748344-240E-4603-8D91-F39AA136F9CF}.Release|x64.Build.0 = Release|x64
		{31748344-240E-4603-8D91-F39AA136F9CF}.Release|x86.ActiveCfg = Release|Win32
		{31748344-240E-4603-8D91-F39AA136F9CF}.Release|x86.Build.0 = Release|Win32
	EndGlobalSection
	GlobalSection(SolutionProperties) = preSolution
		HideSolutionNode = FALSE
	EndGlobalSection
	GlobalSection(ExtensibilityGlobals) = postSolution
		SolutionGuid = {FC5F5157-8767-4B77-981D-E1D367AA91B2}
	EndGlobalSection
EndGlobal
